
Microsoft Visual Studio Solution File, Format Version 12.00
# Visual Studio Version 17
VisualStudioVersion = 17.9.34723.18
MinimumVisualStudioVersion = 10.0.40219.1
Project("{FAE04EC0-301F-11D3-BF4B-00C04F79EFBC}") = "OOP", "OOP\OOP.csproj", "{EB04B927-7A7A-4F87-92FD-39913D4F177B}"
EndProject
Project("{FAE04EC0-301F-11D3-BF4B-00C04F79EFBC}") = "Stack&Heap", "Stack&Heap\Stack&Heap.csproj", "{B15A94F3-142F-40D9-BDA3-3129FADF83D9}"
EndProject
Project("{FAE04EC0-301F-11D3-BF4B-00C04F79EFBC}") = "AttributeOrnek", "AttributeOrnek\AttributeOrnek.csproj", "{1B2F3916-CEA5-415F-B959-FA57D10940B6}"
EndProject
Project("{FAE04EC0-301F-11D3-BF4B-00C04F79EFBC}") = "OdemeFormu", "OdemeFormu\OdemeFormu.csproj", "{133B2CB1-B1CB-4E16-ADBD-C8F9BCE213BD}"
EndProject
Project("{9A19103F-16F7-4668-BE54-9A1E7A4F7556}") = "Numerik.Islemler", "Numerik.Islemler\Numerik.Islemler.csproj", "{EAD58975-4769-4650-8C85-356337BADAAC}"
EndProject
Project("{9A19103F-16F7-4668-BE54-9A1E7A4F7556}") = "DLL_Library_Ornek", "DLL_Library_Ornek\DLL_Library_Ornek.csproj", "{0D21E665-749A-4C6B-9A59-32D9C6B9FBB8}"
EndProject
Project("{9A19103F-16F7-4668-BE54-9A1E7A4F7556}") = "KitapFormu", "KitapFormu\KitapFormu.csproj", "{F9BB2D9B-AD8E-409F-B551-92ADB002FC10}"
EndProject
Project("{9A19103F-16F7-4668-BE54-9A1E7A4F7556}") = "Serialization_Ornek", "Serialization_Ornek\Serialization_Ornek.csproj", "{B4B63211-AA85-4887-9BCE-2999C57FD782}"
EndProject
Project("{9A19103F-16F7-4668-BE54-9A1E7A4F7556}") = "WebAPIBooks", "WebAPIBooks\WebAPIBooks.csproj", "{05EDB867-3284-444D-B68B-88488784CDCF}"
EndProject
Project("{FAE04EC0-301F-11D3-BF4B-00C04F79EFBC}") = "WebMvcBooks", "WebMvcBooks\WebMvcBooks.csproj", "{3F31C78B-4E95-4745-BC62-2ED551BC4E3A}"
EndProject
Global
	GlobalSection(SolutionConfigurationPlatforms) = preSolution
		Debug|Any CPU = Debug|Any CPU
		Release|Any CPU = Release|Any CPU
	EndGlobalSection
	GlobalSection(ProjectConfigurationPlatforms) = postSolution
		{EB04B927-7A7A-4F87-92FD-39913D4F177B}.Debug|Any CPU.ActiveCfg = Debug|Any CPU
		{EB04B927-7A7A-4F87-92FD-39913D4F177B}.Debug|Any CPU.Build.0 = Debug|Any CPU
		{EB04B927-7A7A-4F87-92FD-39913D4F177B}.Release|Any CPU.ActiveCfg = Release|Any CPU
		{EB04B927-7A7A-4F87-92FD-39913D4F177B}.Release|Any CPU.Build.0 = Release|Any CPU
		{B15A94F3-142F-40D9-BDA3-3129FADF83D9}.Debug|Any CPU.ActiveCfg = Debug|Any CPU
		{B15A94F3-142F-40D9-BDA3-3129FADF83D9}.Debug|Any CPU.Build.0 = Debug|Any CPU
		{B15A94F3-142F-40D9-BDA3-3129FADF83D9}.Release|Any CPU.ActiveCfg = Release|Any CPU
		{B15A94F3-142F-40D9-BDA3-3129FADF83D9}.Release|Any CPU.Build.0 = Release|Any CPU
		{1B2F3916-CEA5-415F-B959-FA57D10940B6}.Debug|Any CPU.ActiveCfg = Debug|Any CPU
		{1B2F3916-CEA5-415F-B959-FA57D10940B6}.Debug|Any CPU.Build.0 = Debug|Any CPU
		{1B2F3916-CEA5-415F-B959-FA57D10940B6}.Release|Any CPU.ActiveCfg = Release|Any CPU
		{1B2F3916-CEA5-415F-B959-FA57D10940B6}.Release|Any CPU.Build.0 = Release|Any CPU
		{133B2CB1-B1CB-4E16-ADBD-C8F9BCE213BD}.Debug|Any CPU.ActiveCfg = Debug|Any CPU
		{133B2CB1-B1CB-4E16-ADBD-C8F9BCE213BD}.Debug|Any CPU.Build.0 = Debug|Any CPU
		{133B2CB1-B1CB-4E16-ADBD-C8F9BCE213BD}.Release|Any CPU.ActiveCfg = Release|Any CPU
		{133B2CB1-B1CB-4E16-ADBD-C8F9BCE213BD}.Release|Any CPU.Build.0 = Release|Any CPU
		{EAD58975-4769-4650-8C85-356337BADAAC}.Debug|Any CPU.ActiveCfg = Debug|Any CPU
		{EAD58975-4769-4650-8C85-356337BADAAC}.Debug|Any CPU.Build.0 = Debug|Any CPU
		{EAD58975-4769-4650-8C85-356337BADAAC}.Release|Any CPU.ActiveCfg = Release|Any CPU
		{EAD58975-4769-4650-8C85-356337BADAAC}.Release|Any CPU.Build.0 = Release|Any CPU
		{0D21E665-749A-4C6B-9A59-32D9C6B9FBB8}.Debug|Any CPU.ActiveCfg = Debug|Any CPU
		{0D21E665-749A-4C6B-9A59-32D9C6B9FBB8}.Debug|Any CPU.Build.0 = Debug|Any CPU
		{0D21E665-749A-4C6B-9A59-32D9C6B9FBB8}.Release|Any CPU.ActiveCfg = Release|Any CPU
		{0D21E665-749A-4C6B-9A59-32D9C6B9FBB8}.Release|Any CPU.Build.0 = Release|Any CPU
		{F9BB2D9B-AD8E-409F-B551-92ADB002FC10}.Debug|Any CPU.ActiveCfg = Debug|Any CPU
		{F9BB2D9B-AD8E-409F-B551-92ADB002FC10}.Debug|Any CPU.Build.0 = Debug|Any CPU
		{F9BB2D9B-AD8E-409F-B551-92ADB002FC10}.Release|Any CPU.ActiveCfg = Release|Any CPU
		{F9BB2D9B-AD8E-409F-B551-92ADB002FC10}.Release|Any CPU.Build.0 = Release|Any CPU
		{B4B63211-AA85-4887-9BCE-2999C57FD782}.Debug|Any CPU.ActiveCfg = Debug|Any CPU
		{B4B63211-AA85-4887-9BCE-2999C57FD782}.Debug|Any CPU.Build.0 = Debug|Any CPU
		{B4B63211-AA85-4887-9BCE-2999C57FD782}.Release|Any CPU.ActiveCfg = Release|Any CPU
		{B4B63211-AA85-4887-9BCE-2999C57FD782}.Release|Any CPU.Build.0 = Release|Any CPU
		{05EDB867-3284-444D-B68B-88488784CDCF}.Debug|Any CPU.ActiveCfg = Debug|Any CPU
		{05EDB867-3284-444D-B68B-88488784CDCF}.Debug|Any CPU.Build.0 = Debug|Any CPU
		{05EDB867-3284-444D-B68B-88488784CDCF}.Release|Any CPU.ActiveCfg = Release|Any CPU
		{05EDB867-3284-444D-B68B-88488784CDCF}.Release|Any CPU.Build.0 = Release|Any CPU
		{3F31C78B-4E95-4745-BC62-2ED551BC4E3A}.Debug|Any CPU.ActiveCfg = Debug|Any CPU
		{3F31C78B-4E95-4745-BC62-2ED551BC4E3A}.Debug|Any CPU.Build.0 = Debug|Any CPU
		{3F31C78B-4E95-4745-BC62-2ED551BC4E3A}.Release|Any CPU.ActiveCfg = Release|Any CPU
		{3F31C78B-4E95-4745-BC62-2ED551BC4E3A}.Release|Any CPU.Build.0 = Release|Any CPU
	EndGlobalSection
	GlobalSection(SolutionProperties) = preSolution
		HideSolutionNode = FALSE
	EndGlobalSection
	GlobalSection(ExtensibilityGlobals) = postSolution
		SolutionGuid = {81148445-6B88-43B1-B5DA-41ECD4EE3865}
	EndGlobalSection
EndGlobal
